<Solution>
  <Folder Name="/src/">
    <Project Path="src/HyperDrop.App/HyperDrop.App.csproj" />
    <Project Path="src/HyperDrop.Core/HyperDrop.Core.csproj" />
  </Folder>
  <Folder Name="/tests/">
    <Project Path="tests/HyperDrop.Core.Tests/HyperDrop.Core.Tests.csproj" />
  </Folder>
</Solution>
